// !$*UTF8*$!
{
	archiveVersion = 1;
	classes = {
	};
	objectVersion = 56;
	objects = {

/* Begin PBXBuildFile section */
		9E0708752CD9B87C00CEF4D6 /* InfraredView.swift in Sources */ = {isa = PBXBuildFile; fileRef = 9E0708742CD9B87C00CEF4D6 /* InfraredView.swift */; };
		9E57D8072CF548D7005921C3 /* RealTimeView.swift in Sources */ = {isa = PBXBuildFile; fileRef = 9E57D8062CF548D7005921C3 /* RealTimeView.swift */; };
		9E76DB072CEBF69F002AFE66 /* Calculator2View.swift in Sources */ = {isa = PBXBuildFile; fileRef = 9E76DB062CEBF69F002AFE66 /* Calculator2View.swift */; };
		9E7E9C9E2CA1B8BF00B315C5 /* SignedInView.swift in Sources */ = {isa = PBXBuildFile; fileRef = 9E7E9C9D2CA1B8BF00B315C5 /* SignedInView.swift */; };
		9E7E9CA52CA2448F00B315C5 /* SignUpView.swift in Sources */ = {isa = PBXBuildFile; fileRef = 9E7E9CA42CA2448F00B315C5 /* SignUpView.swift */; };
		9E7E9CA82CA2533900B315C5 /* FirebaseDatabase in Frameworks */ = {isa = PBXBuildFile; productRef = 9E7E9CA72CA2533900B315C5 /* FirebaseDatabase */; };
		9E7E9CAA2CA2535E00B315C5 /* FirebaseStorage in Frameworks */ = {isa = PBXBuildFile; productRef = 9E7E9CA92CA2535E00B315C5 /* FirebaseStorage */; };
		9E7E9CAC2CA2536B00B315C5 /* FirebaseFirestore in Frameworks */ = {isa = PBXBuildFile; productRef = 9E7E9CAB2CA2536B00B315C5 /* FirebaseFirestore */; };
		9E82C7192CD9CCCF009FD1F3 /* BluetoothView.swift in Sources */ = {isa = PBXBuildFile; fileRef = 9E82C7182CD9CCCE009FD1F3 /* BluetoothView.swift */; };
		9E82C71B2CD9CCDC009FD1F3 /* WirelessView.swift in Sources */ = {isa = PBXBuildFile; fileRef = 9E82C71A2CD9CCDC009FD1F3 /* WirelessView.swift */; };
		9E82C71D2CE24EE0009FD1F3 /* CountryView.swift in Sources */ = {isa = PBXBuildFile; fileRef = 9E82C71C2CE24EE0009FD1F3 /* CountryView.swift */; };
		9E8CC5862CB4BFBF004F13C7 /* CalculatorView.swift in Sources */ = {isa = PBXBuildFile; fileRef = 9E8CC5852CB4BFBF004F13C7 /* CalculatorView.swift */; };
		9E915D612C9C737300212807 /* RootView.swift in Sources */ = {isa = PBXBuildFile; fileRef = 9E915D602C9C737300212807 /* RootView.swift */; };
		9E915D632C9C75D600212807 /* SettingsView.swift in Sources */ = {isa = PBXBuildFile; fileRef = 9E915D622C9C75D600212807 /* SettingsView.swift */; };
		9E956C292C9BB58000522CA5 /* Demo3_LogInApp.swift in Sources */ = {isa = PBXBuildFile; fileRef = 9E956C282C9BB58000522CA5 /* Demo3_LogInApp.swift */; };
		9E956C2B2C9BB58000522CA5 /* ContentView.swift in Sources */ = {isa = PBXBuildFile; fileRef = 9E956C2A2C9BB58000522CA5 /* ContentView.swift */; };
		9E956C2D2C9BB58200522CA5 /* Assets.xcassets in Resources */ = {isa = PBXBuildFile; fileRef = 9E956C2C2C9BB58200522CA5 /* Assets.xcassets */; };
		9E956C302C9BB58200522CA5 /* Preview Assets.xcassets in Resources */ = {isa = PBXBuildFile; fileRef = 9E956C2F2C9BB58200522CA5 /* Preview Assets.xcassets */; };
		9E956C3A2C9BB58200522CA5 /* Demo3_LogInTests.swift in Sources */ = {isa = PBXBuildFile; fileRef = 9E956C392C9BB58200522CA5 /* Demo3_LogInTests.swift */; };
		9E956C442C9BB58200522CA5 /* Demo3_LogInUITests.swift in Sources */ = {isa = PBXBuildFile; fileRef = 9E956C432C9BB58200522CA5 /* Demo3_LogInUITests.swift */; };
		9E956C462C9BB58200522CA5 /* Demo3_LogInUITestsLaunchTests.swift in Sources */ = {isa = PBXBuildFile; fileRef = 9E956C452C9BB58200522CA5 /* Demo3_LogInUITestsLaunchTests.swift */; };
		9E956C532C9BB5B500522CA5 /* GoogleService-Info.plist in Resources */ = {isa = PBXBuildFile; fileRef = 9E956C522C9BB5B500522CA5 /* GoogleService-Info.plist */; };
		9E956C582C9BB9D000522CA5 /* AuthenticationView.swift in Sources */ = {isa = PBXBuildFile; fileRef = 9E956C572C9BB9CF00522CA5 /* AuthenticationView.swift */; };
		9E956C5A2C9BB9DC00522CA5 /* AuthenticationManager.swift in Sources */ = {isa = PBXBuildFile; fileRef = 9E956C592C9BB9DC00522CA5 /* AuthenticationManager.swift */; };
		9E956C5C2C9BBA1E00522CA5 /* SignInEmailView.swift in Sources */ = {isa = PBXBuildFile; fileRef = 9E956C5B2C9BBA1E00522CA5 /* SignInEmailView.swift */; };
		9E991E312CEB5CE000BEA219 /* ViewModifier.swift in Sources */ = {isa = PBXBuildFile; fileRef = 9E991E302CEB5CE000BEA219 /* ViewModifier.swift */; };
		9EB273882C9C09950020B47B /* FirebaseAnalytics in Frameworks */ = {isa = PBXBuildFile; productRef = 9EB273872C9C09950020B47B /* FirebaseAnalytics */; };
		9EB2738A2C9C09950020B47B /* FirebaseAnalyticsWithoutAdIdSupport in Frameworks */ = {isa = PBXBuildFile; productRef = 9EB273892C9C09950020B47B /* FirebaseAnalyticsWithoutAdIdSupport */; };
		9EB2738C2C9C09950020B47B /* FirebaseAuth in Frameworks */ = {isa = PBXBuildFile; productRef = 9EB2738B2C9C09950020B47B /* FirebaseAuth */; };
/* End PBXBuildFile section */

/* Begin PBXContainerItemProxy section */
		9E956C362C9BB58200522CA5 /* PBXContainerItemProxy */ = {
			isa = PBXContainerItemProxy;
			containerPortal = 9E956C1D2C9BB58000522CA5 /* Project object */;
			proxyType = 1;
			remoteGlobalIDString = 9E956C242C9BB58000522CA5;
			remoteInfo = Demo3_LogIn;
		};
		9E956C402C9BB58200522CA5 /* PBXContainerItemProxy */ = {
			isa = PBXContainerItemProxy;
			containerPortal = 9E956C1D2C9BB58000522CA5 /* Project object */;
			proxyType = 1;
			remoteGlobalIDString = 9E956C242C9BB58000522CA5;
			remoteInfo = Demo3_LogIn;
		};
/* End PBXContainerItemProxy section */

/* Begin PBXFileReference section */
		9E0708742CD9B87C00CEF4D6 /* InfraredView.swift */ = {isa = PBXFileReference; lastKnownFileType = sourcecode.swift; path = InfraredView.swift; sourceTree = "<group>"; };
		9E57D8062CF548D7005921C3 /* RealTimeView.swift */ = {isa = PBXFileReference; lastKnownFileType = sourcecode.swift; path = RealTimeView.swift; sourceTree = "<group>"; };
		9E76DB062CEBF69F002AFE66 /* Calculator2View.swift */ = {isa = PBXFileReference; lastKnownFileType = sourcecode.swift; path = Calculator2View.swift; sourceTree = "<group>"; };
		9E7E9C9D2CA1B8BF00B315C5 /* SignedInView.swift */ = {isa = PBXFileReference; lastKnownFileType = sourcecode.swift; path = SignedInView.swift; sourceTree = "<group>"; };
		9E7E9CA42CA2448F00B315C5 /* SignUpView.swift */ = {isa = PBXFileReference; lastKnownFileType = sourcecode.swift; path = SignUpView.swift; sourceTree = "<group>"; };
		9E82C7182CD9CCCE009FD1F3 /* BluetoothView.swift */ = {isa = PBXFileReference; lastKnownFileType = sourcecode.swift; path = BluetoothView.swift; sourceTree = "<group>"; };
		9E82C71A2CD9CCDC009FD1F3 /* WirelessView.swift */ = {isa = PBXFileReference; lastKnownFileType = sourcecode.swift; path = WirelessView.swift; sourceTree = "<group>"; };
		9E82C71C2CE24EE0009FD1F3 /* CountryView.swift */ = {isa = PBXFileReference; lastKnownFileType = sourcecode.swift; path = CountryView.swift; sourceTree = "<group>"; };
		9E8CC5852CB4BFBF004F13C7 /* CalculatorView.swift */ = {isa = PBXFileReference; lastKnownFileType = sourcecode.swift; path = CalculatorView.swift; sourceTree = "<group>"; };
		9E915D602C9C737300212807 /* RootView.swift */ = {isa = PBXFileReference; lastKnownFileType = sourcecode.swift; path = RootView.swift; sourceTree = "<group>"; };
		9E915D622C9C75D600212807 /* SettingsView.swift */ = {isa = PBXFileReference; lastKnownFileType = sourcecode.swift; path = SettingsView.swift; sourceTree = "<group>"; };
		9E956C252C9BB58000522CA5 /* Demo3_LogIn.app */ = {isa = PBXFileReference; explicitFileType = wrapper.application; includeInIndex = 0; path = Demo3_LogIn.app; sourceTree = BUILT_PRODUCTS_DIR; };
		9E956C282C9BB58000522CA5 /* Demo3_LogInApp.swift */ = {isa = PBXFileReference; lastKnownFileType = sourcecode.swift; path = Demo3_LogInApp.swift; sourceTree = "<group>"; };
		9E956C2A2C9BB58000522CA5 /* ContentView.swift */ = {isa = PBXFileReference; lastKnownFileType = sourcecode.swift; path = ContentView.swift; sourceTree = "<group>"; };
		9E956C2C2C9BB58200522CA5 /* Assets.xcassets */ = {isa = PBXFileReference; lastKnownFileType = folder.assetcatalog; path = Assets.xcassets; sourceTree = "<group>"; };
		9E956C2F2C9BB58200522CA5 /* Preview Assets.xcassets */ = {isa = PBXFileReference; lastKnownFileType = folder.assetcatalog; path = "Preview Assets.xcassets"; sourceTree = "<group>"; };
		9E956C352C9BB58200522CA5 /* Demo3_LogInTests.xctest */ = {isa = PBXFileReference; explicitFileType = wrapper.cfbundle; includeInIndex = 0; path = Demo3_LogInTests.xctest; sourceTree = BUILT_PRODUCTS_DIR; };
		9E956C392C9BB58200522CA5 /* Demo3_LogInTests.swift */ = {isa = PBXFileReference; lastKnownFileType = sourcecode.swift; path = Demo3_LogInTests.swift; sourceTree = "<group>"; };
		9E956C3F2C9BB58200522CA5 /* Demo3_LogInUITests.xctest */ = {isa = PBXFileReference; explicitFileType = wrapper.cfbundle; includeInIndex = 0; path = Demo3_LogInUITests.xctest; sourceTree = BUILT_PRODUCTS_DIR; };
		9E956C432C9BB58200522CA5 /* Demo3_LogInUITests.swift */ = {isa = PBXFileReference; lastKnownFileType = sourcecode.swift; path = Demo3_LogInUITests.swift; sourceTree = "<group>"; };
		9E956C452C9BB58200522CA5 /* Demo3_LogInUITestsLaunchTests.swift */ = {isa = PBXFileReference; lastKnownFileType = sourcecode.swift; path = Demo3_LogInUITestsLaunchTests.swift; sourceTree = "<group>"; };
		9E956C522C9BB5B500522CA5 /* GoogleService-Info.plist */ = {isa = PBXFileReference; fileEncoding = 4; lastKnownFileType = text.plist.xml; path = "GoogleService-Info.plist"; sourceTree = "<group>"; };
		9E956C572C9BB9CF00522CA5 /* AuthenticationView.swift */ = {isa = PBXFileReference; lastKnownFileType = sourcecode.swift; path = AuthenticationView.swift; sourceTree = "<group>"; };
		9E956C592C9BB9DC00522CA5 /* AuthenticationManager.swift */ = {isa = PBXFileReference; lastKnownFileType = sourcecode.swift; path = AuthenticationManager.swift; sourceTree = "<group>"; };
		9E956C5B2C9BBA1E00522CA5 /* SignInEmailView.swift */ = {isa = PBXFileReference; lastKnownFileType = sourcecode.swift; path = SignInEmailView.swift; sourceTree = "<group>"; };
		9E991E302CEB5CE000BEA219 /* ViewModifier.swift */ = {isa = PBXFileReference; lastKnownFileType = sourcecode.swift; path = ViewModifier.swift; sourceTree = "<group>"; };
/* End PBXFileReference section */

/* Begin PBXFrameworksBuildPhase section */
		9E956C222C9BB58000522CA5 /* Frameworks */ = {
			isa = PBXFrameworksBuildPhase;
			buildActionMask = 2147483647;
			files = (
				9EB273882C9C09950020B47B /* FirebaseAnalytics in Frameworks */,
				9EB2738C2C9C09950020B47B /* FirebaseAuth in Frameworks */,
				9E7E9CA82CA2533900B315C5 /* FirebaseDatabase in Frameworks */,
				9E7E9CAA2CA2535E00B315C5 /* FirebaseStorage in Frameworks */,
				9EB2738A2C9C09950020B47B /* FirebaseAnalyticsWithoutAdIdSupport in Frameworks */,
				9E7E9CAC2CA2536B00B315C5 /* FirebaseFirestore in Frameworks */,
			);
			runOnlyForDeploymentPostprocessing = 0;
		};
		9E956C322C9BB58200522CA5 /* Frameworks */ = {
			isa = PBXFrameworksBuildPhase;
			buildActionMask = 2147483647;
			files = (
			);
			runOnlyForDeploymentPostprocessing = 0;
		};
		9E956C3C2C9BB58200522CA5 /* Frameworks */ = {
			isa = PBXFrameworksBuildPhase;
			buildActionMask = 2147483647;
			files = (
			);
			runOnlyForDeploymentPostprocessing = 0;
		};
/* End PBXFrameworksBuildPhase section */

/* Begin PBXGroup section */
		9E7E9CA62CA2533900B315C5 /* Frameworks */ = {
			isa = PBXGroup;
			children = (
			);
			name = Frameworks;
			sourceTree = "<group>";
		};
		9E956C1C2C9BB58000522CA5 = {
			isa = PBXGroup;
			children = (
				9E956C272C9BB58000522CA5 /* Demo3_LogIn */,
				9E956C382C9BB58200522CA5 /* Demo3_LogInTests */,
				9E956C422C9BB58200522CA5 /* Demo3_LogInUITests */,
				9E956C262C9BB58000522CA5 /* Products */,
				9E7E9CA62CA2533900B315C5 /* Frameworks */,
			);
			sourceTree = "<group>";
		};
		9E956C262C9BB58000522CA5 /* Products */ = {
			isa = PBXGroup;
			children = (
				9E956C252C9BB58000522CA5 /* Demo3_LogIn.app */,
				9E956C352C9BB58200522CA5 /* Demo3_LogInTests.xctest */,
				9E956C3F2C9BB58200522CA5 /* Demo3_LogInUITests.xctest */,
			);
			name = Products;
			sourceTree = "<group>";
		};
		9E956C272C9BB58000522CA5 /* Demo3_LogIn */ = {
			isa = PBXGroup;
			children = (
				9E956C282C9BB58000522CA5 /* Demo3_LogInApp.swift */,
				9E956C2A2C9BB58000522CA5 /* ContentView.swift */,
				9E956C542C9BB7C300522CA5 /* Authentication */,
				9E956C522C9BB5B500522CA5 /* GoogleService-Info.plist */,
				9E956C2C2C9BB58200522CA5 /* Assets.xcassets */,
				9E956C2E2C9BB58200522CA5 /* Preview Content */,
			);
			path = Demo3_LogIn;
			sourceTree = "<group>";
		};
		9E956C2E2C9BB58200522CA5 /* Preview Content */ = {
			isa = PBXGroup;
			children = (
				9E956C2F2C9BB58200522CA5 /* Preview Assets.xcassets */,
			);
			path = "Preview Content";
			sourceTree = "<group>";
		};
		9E956C382C9BB58200522CA5 /* Demo3_LogInTests */ = {
			isa = PBXGroup;
			children = (
				9E956C392C9BB58200522CA5 /* Demo3_LogInTests.swift */,
			);
			path = Demo3_LogInTests;
			sourceTree = "<group>";
		};
		9E956C422C9BB58200522CA5 /* Demo3_LogInUITests */ = {
			isa = PBXGroup;
			children = (
				9E956C432C9BB58200522CA5 /* Demo3_LogInUITests.swift */,
				9E956C452C9BB58200522CA5 /* Demo3_LogInUITestsLaunchTests.swift */,
			);
			path = Demo3_LogInUITests;
			sourceTree = "<group>";
		};
		9E956C542C9BB7C300522CA5 /* Authentication */ = {
			isa = PBXGroup;
			children = (
				9E956C592C9BB9DC00522CA5 /* AuthenticationManager.swift */,
				9E7E9CA42CA2448F00B315C5 /* SignUpView.swift */,
				9E956C572C9BB9CF00522CA5 /* AuthenticationView.swift */,
				9E915D602C9C737300212807 /* RootView.swift */,
				9E7E9C9D2CA1B8BF00B315C5 /* SignedInView.swift */,
				9E915D622C9C75D600212807 /* SettingsView.swift */,
				9E956C5B2C9BBA1E00522CA5 /* SignInEmailView.swift */,
				9E991E302CEB5CE000BEA219 /* ViewModifier.swift */,
				9E991E2F2CEB4B7600BEA219 /* WeeklyTasks */,
			);
			path = Authentication;
			sourceTree = "<group>";
		};
		9E991E2F2CEB4B7600BEA219 /* WeeklyTasks */ = {
			isa = PBXGroup;
			children = (
				9E8CC5852CB4BFBF004F13C7 /* CalculatorView.swift */,
				9E76DB062CEBF69F002AFE66 /* Calculator2View.swift */,
				9E0708742CD9B87C00CEF4D6 /* InfraredView.swift */,
				9E82C7182CD9CCCE009FD1F3 /* BluetoothView.swift */,
				9E57D8062CF548D7005921C3 /* RealTimeView.swift */,
				9E82C71A2CD9CCDC009FD1F3 /* WirelessView.swift */,
				9E82C71C2CE24EE0009FD1F3 /* CountryView.swift */,
			);
			path = WeeklyTasks;
			sourceTree = "<group>";
		};
/* End PBXGroup section */

/* Begin PBXNativeTarget section */
		9E956C242C9BB58000522CA5 /* Demo3_LogIn */ = {
			isa = PBXNativeTarget;
			buildConfigurationList = 9E956C492C9BB58200522CA5 /* Build configuration list for PBXNativeTarget "Demo3_LogIn" */;
			buildPhases = (
				9E956C212C9BB58000522CA5 /* Sources */,
				9E956C222C9BB58000522CA5 /* Frameworks */,
				9E956C232C9BB58000522CA5 /* Resources */,
			);
			buildRules = (
			);
			dependencies = (
			);
			name = Demo3_LogIn;
			packageProductDependencies = (
				9EB273872C9C09950020B47B /* FirebaseAnalytics */,
				9EB273892C9C09950020B47B /* FirebaseAnalyticsWithoutAdIdSupport */,
				9EB2738B2C9C09950020B47B /* FirebaseAuth */,
				9E7E9CA72CA2533900B315C5 /* FirebaseDatabase */,
				9E7E9CA92CA2535E00B315C5 /* FirebaseStorage */,
				9E7E9CAB2CA2536B00B315C5 /* FirebaseFirestore */,
			);
			productName = Demo3_LogIn;
			productReference = 9E956C252C9BB58000522CA5 /* Demo3_LogIn.app */;
			productType = "com.apple.product-type.application";
		};
		9E956C342C9BB58200522CA5 /* Demo3_LogInTests */ = {
			isa = PBXNativeTarget;
			buildConfigurationList = 9E956C4C2C9BB58200522CA5 /* Build configuration list for PBXNativeTarget "Demo3_LogInTests" */;
			buildPhases = (
				9E956C312C9BB58200522CA5 /* Sources */,
				9E956C322C9BB58200522CA5 /* Frameworks */,
				9E956C332C9BB58200522CA5 /* Resources */,
			);
			buildRules = (
			);
			dependencies = (
				9E956C372C9BB58200522CA5 /* PBXTargetDependency */,
			);
			name = Demo3_LogInTests;
			productName = Demo3_LogInTests;
			productReference = 9E956C352C9BB58200522CA5 /* Demo3_LogInTests.xctest */;
			productType = "com.apple.product-type.bundle.unit-test";
		};
		9E956C3E2C9BB58200522CA5 /* Demo3_LogInUITests */ = {
			isa = PBXNativeTarget;
			buildConfigurationList = 9E956C4F2C9BB58200522CA5 /* Build configuration list for PBXNativeTarget "Demo3_LogInUITests" */;
			buildPhases = (
				9E956C3B2C9BB58200522CA5 /* Sources */,
				9E956C3C2C9BB58200522CA5 /* Frameworks */,
				9E956C3D2C9BB58200522CA5 /* Resources */,
			);
			buildRules = (
			);
			dependencies = (
				9E956C412C9BB58200522CA5 /* PBXTargetDependency */,
			);
			name = Demo3_LogInUITests;
			productName = Demo3_LogInUITests;
			productReference = 9E956C3F2C9BB58200522CA5 /* Demo3_LogInUITests.xctest */;
			productType = "com.apple.product-type.bundle.ui-testing";
		};
/* End PBXNativeTarget section */

/* Begin PBXProject section */
		9E956C1D2C9BB58000522CA5 /* Project object */ = {
			isa = PBXProject;
			attributes = {
				BuildIndependentTargetsInParallel = 1;
				LastSwiftUpdateCheck = 1520;
				LastUpgradeCheck = 1520;
				TargetAttributes = {
					9E956C242C9BB58000522CA5 = {
						CreatedOnToolsVersion = 15.2;
					};
					9E956C342C9BB58200522CA5 = {
						CreatedOnToolsVersion = 15.2;
						TestTargetID = 9E956C242C9BB58000522CA5;
					};
					9E956C3E2C9BB58200522CA5 = {
						CreatedOnToolsVersion = 15.2;
						TestTargetID = 9E956C242C9BB58000522CA5;
					};
				};
			};
			buildConfigurationList = 9E956C202C9BB58000522CA5 /* Build configuration list for PBXProject "Demo3_LogIn" */;
			compatibilityVersion = "Xcode 14.0";
			developmentRegion = en;
			hasScannedForEncodings = 0;
			knownRegions = (
				en,
				Base,
			);
			mainGroup = 9E956C1C2C9BB58000522CA5;
			packageReferences = (
				9EB273862C9C09950020B47B /* XCRemoteSwiftPackageReference "firebase-ios-sdk" */,
			);
			productRefGroup = 9E956C262C9BB58000522CA5 /* Products */;
			projectDirPath = "";
			projectRoot = "";
			targets = (
				9E956C242C9BB58000522CA5 /* Demo3_LogIn */,
				9E956C342C9BB58200522CA5 /* Demo3_LogInTests */,
				9E956C3E2C9BB58200522CA5 /* Demo3_LogInUITests */,
			);
		};
/* End PBXProject section */

/* Begin PBXResourcesBuildPhase section */
		9E956C232C9BB58000522CA5 /* Resources */ = {
			isa = PBXResourcesBuildPhase;
			buildActionMask = 2147483647;
			files = (
				9E956C302C9BB58200522CA5 /* Preview Assets.xcassets in Resources */,
				9E956C2D2C9BB58200522CA5 /* Assets.xcassets in Resources */,
				9E956C532C9BB5B500522CA5 /* GoogleService-Info.plist in Resources */,
			);
			runOnlyForDeploymentPostprocessing = 0;
		};
		9E956C332C9BB58200522CA5 /* Resources */ = {
			isa = PBXResourcesBuildPhase;
			buildActionMask = 2147483647;
			files = (
			);
			runOnlyForDeploymentPostprocessing = 0;
		};
		9E956C3D2C9BB58200522CA5 /* Resources */ = {
			isa = PBXResourcesBuildPhase;
			buildActionMask = 2147483647;
			files = (
			);
			runOnlyForDeploymentPostprocessing = 0;
		};
/* End PBXResourcesBuildPhase section */

/* Begin PBXSourcesBuildPhase section */
		9E956C212C9BB58000522CA5 /* Sources */ = {
			isa = PBXSourcesBuildPhase;
			buildActionMask = 2147483647;
			files = (
				9E0708752CD9B87C00CEF4D6 /* InfraredView.swift in Sources */,
				9E915D632C9C75D600212807 /* SettingsView.swift in Sources */,
				9E7E9C9E2CA1B8BF00B315C5 /* SignedInView.swift in Sources */,
				9E956C2B2C9BB58000522CA5 /* ContentView.swift in Sources */,
				9E82C71B2CD9CCDC009FD1F3 /* WirelessView.swift in Sources */,
				9E82C71D2CE24EE0009FD1F3 /* CountryView.swift in Sources */,
				9E956C582C9BB9D000522CA5 /* AuthenticationView.swift in Sources */,
				9E76DB072CEBF69F002AFE66 /* Calculator2View.swift in Sources */,
				9E915D612C9C737300212807 /* RootView.swift in Sources */,
				9E57D8072CF548D7005921C3 /* RealTimeView.swift in Sources */,
				9E956C5A2C9BB9DC00522CA5 /* AuthenticationManager.swift in Sources */,
				9E82C7192CD9CCCF009FD1F3 /* BluetoothView.swift in Sources */,
				9E8CC5862CB4BFBF004F13C7 /* CalculatorView.swift in Sources */,
				9E956C292C9BB58000522CA5 /* Demo3_LogInApp.swift in Sources */,
				9E7E9CA52CA2448F00B315C5 /* SignUpView.swift in Sources */,
				9E991E312CEB5CE000BEA219 /* ViewModifier.swift in Sources */,
				9E956C5C2C9BBA1E00522CA5 /* SignInEmailView.swift in Sources */,
			);
			runOnlyForDeploymentPostprocessing = 0;
		};
		9E956C312C9BB58200522CA5 /* Sources */ = {
			isa = PBXSourcesBuildPhase;
			buildActionMask = 2147483647;
			files = (
				9E956C3A2C9BB58200522CA5 /* Demo3_LogInTests.swift in Sources */,
			);
			runOnlyForDeploymentPostprocessing = 0;
		};
		9E956C3B2C9BB58200522CA5 /* Sources */ = {
			isa = PBXSourcesBuildPhase;
			buildActionMask = 2147483647;
			files = (
				9E956C442C9BB58200522CA5 /* Demo3_LogInUITests.swift in Sources */,
				9E956C462C9BB58200522CA5 /* Demo3_LogInUITestsLaunchTests.swift in Sources */,
			);
			runOnlyForDeploymentPostprocessing = 0;
		};
/* End PBXSourcesBuildPhase section */

/* Begin PBXTargetDependency section */
		9E956C372C9BB58200522CA5 /* PBXTargetDependency */ = {
			isa = PBXTargetDependency;
			target = 9E956C242C9BB58000522CA5 /* Demo3_LogIn */;
			targetProxy = 9E956C362C9BB58200522CA5 /* PBXContainerItemProxy */;
		};
		9E956C412C9BB58200522CA5 /* PBXTargetDependency */ = {
			isa = PBXTargetDependency;
			target = 9E956C242C9BB58000522CA5 /* Demo3_LogIn */;
			targetProxy = 9E956C402C9BB58200522CA5 /* PBXContainerItemProxy */;
		};
/* End PBXTargetDependency section */

/* Begin XCBuildConfiguration section */
		9E956C472C9BB58200522CA5 /* Debug */ = {
			isa = XCBuildConfiguration;
			buildSettings = {
				ALWAYS_SEARCH_USER_PATHS = NO;
				ASSETCATALOG_COMPILER_GENERATE_SWIFT_ASSET_SYMBOL_EXTENSIONS = YES;
				CLANG_ANALYZER_NONNULL = YES;
				CLANG_ANALYZER_NUMBER_OBJECT_CONVERSION = YES_AGGRESSIVE;
				CLANG_CXX_LANGUAGE_STANDARD = "gnu++20";
				CLANG_ENABLE_MODULES = YES;
				CLANG_ENABLE_OBJC_ARC = YES;
				CLANG_ENABLE_OBJC_WEAK = YES;
				CLANG_WARN_BLOCK_CAPTURE_AUTORELEASING = YES;
				CLANG_WARN_BOOL_CONVERSION = YES;
				CLANG_WARN_COMMA = YES;
				CLANG_WARN_CONSTANT_CONVERSION = YES;
				CLANG_WARN_DEPRECATED_OBJC_IMPLEMENTATIONS = YES;
				CLANG_WARN_DIRECT_OBJC_ISA_USAGE = YES_ERROR;
				CLANG_WARN_DOCUMENTATION_COMMENTS = YES;
				CLANG_WARN_EMPTY_BODY = YES;
				CLANG_WARN_ENUM_CONVERSION = YES;
				CLANG_WARN_INFINITE_RECURSION = YES;
				CLANG_WARN_INT_CONVERSION = YES;
				CLANG_WARN_NON_LITERAL_NULL_CONVERSION = YES;
				CLANG_WARN_OBJC_IMPLICIT_RETAIN_SELF = YES;
				CLANG_WARN_OBJC_LITERAL_CONVERSION = YES;
				CLANG_WARN_OBJC_ROOT_CLASS = YES_ERROR;
				CLANG_WARN_QUOTED_INCLUDE_IN_FRAMEWORK_HEADER = YES;
				CLANG_WARN_RANGE_LOOP_ANALYSIS = YES;
				CLANG_WARN_STRICT_PROTOTYPES = YES;
				CLANG_WARN_SUSPICIOUS_MOVE = YES;
				CLANG_WARN_UNGUARDED_AVAILABILITY = YES_AGGRESSIVE;
				CLANG_WARN_UNREACHABLE_CODE = YES;
				CLANG_WARN__DUPLICATE_METHOD_MATCH = YES;
				COPY_PHASE_STRIP = NO;
				DEBUG_INFORMATION_FORMAT = dwarf;
				ENABLE_STRICT_OBJC_MSGSEND = YES;
				ENABLE_TESTABILITY = YES;
				ENABLE_USER_SCRIPT_SANDBOXING = YES;
				GCC_C_LANGUAGE_STANDARD = gnu17;
				GCC_DYNAMIC_NO_PIC = NO;
				GCC_NO_COMMON_BLOCKS = YES;
				GCC_OPTIMIZATION_LEVEL = 0;
				GCC_PREPROCESSOR_DEFINITIONS = (
					"DEBUG=1",
					"$(inherited)",
				);
				GCC_WARN_64_TO_32_BIT_CONVERSION = YES;
				GCC_WARN_ABOUT_RETURN_TYPE = YES_ERROR;
				GCC_WARN_UNDECLARED_SELECTOR = YES;
				GCC_WARN_UNINITIALIZED_AUTOS = YES_AGGRESSIVE;
				GCC_WARN_UNUSED_FUNCTION = YES;
				GCC_WARN_UNUSED_VARIABLE = YES;
				IPHONEOS_DEPLOYMENT_TARGET = 17.2;
				LOCALIZATION_PREFERS_STRING_CATALOGS = YES;
				MTL_ENABLE_DEBUG_INFO = INCLUDE_SOURCE;
				MTL_FAST_MATH = YES;
				ONLY_ACTIVE_ARCH = YES;
				SDKROOT = iphoneos;
				SWIFT_ACTIVE_COMPILATION_CONDITIONS = "DEBUG $(inherited)";
				SWIFT_OPTIMIZATION_LEVEL = "-Onone";
			};
			name = Debug;
		};
		9E956C482C9BB58200522CA5 /* Release */ = {
			isa = XCBuildConfiguration;
			buildSettings = {
				ALWAYS_SEARCH_USER_PATHS = NO;
				ASSETCATALOG_COMPILER_GENERATE_SWIFT_ASSET_SYMBOL_EXTENSIONS = YES;
				CLANG_ANALYZER_NONNULL = YES;
				CLANG_ANALYZER_NUMBER_OBJECT_CONVERSION = YES_AGGRESSIVE;
				CLANG_CXX_LANGUAGE_STANDARD = "gnu++20";
				CLANG_ENABLE_MODULES = YES;
				CLANG_ENABLE_OBJC_ARC = YES;
				CLANG_ENABLE_OBJC_WEAK = YES;
				CLANG_WARN_BLOCK_CAPTURE_AUTORELEASING = YES;
				CLANG_WARN_BOOL_CONVERSION = YES;
				CLANG_WARN_COMMA = YES;
				CLANG_WARN_CONSTANT_CONVERSION = YES;
				CLANG_WARN_DEPRECATED_OBJC_IMPLEMENTATIONS = YES;
				CLANG_WARN_DIRECT_OBJC_ISA_USAGE = YES_ERROR;
				CLANG_WARN_DOCUMENTATION_COMMENTS = YES;
				CLANG_WARN_EMPTY_BODY = YES;
				CLANG_WARN_ENUM_CONVERSION = YES;
				CLANG_WARN_INFINITE_RECURSION = YES;
				CLANG_WARN_INT_CONVERSION = YES;
				CLANG_WARN_NON_LITERAL_NULL_CONVERSION = YES;
				CLANG_WARN_OBJC_IMPLICIT_RETAIN_SELF = YES;
				CLANG_WARN_OBJC_LITERAL_CONVERSION = YES;
				CLANG_WARN_OBJC_ROOT_CLASS = YES_ERROR;
				CLANG_WARN_QUOTED_INCLUDE_IN_FRAMEWORK_HEADER = YES;
				CLANG_WARN_RANGE_LOOP_ANALYSIS = YES;
				CLANG_WARN_STRICT_PROTOTYPES = YES;
				CLANG_WARN_SUSPICIOUS_MOVE = YES;
				CLANG_WARN_UNGUARDED_AVAILABILITY = YES_AGGRESSIVE;
				CLANG_WARN_UNREACHABLE_CODE = YES;
				CLANG_WARN__DUPLICATE_METHOD_MATCH = YES;
				COPY_PHASE_STRIP = NO;
				DEBUG_INFORMATION_FORMAT = "dwarf-with-dsym";
				ENABLE_NS_ASSERTIONS = NO;
				ENABLE_STRICT_OBJC_MSGSEND = YES;
				ENABLE_USER_SCRIPT_SANDBOXING = YES;
				GCC_C_LANGUAGE_STANDARD = gnu17;
				GCC_NO_COMMON_BLOCKS = YES;
				GCC_WARN_64_TO_32_BIT_CONVERSION = YES;
				GCC_WARN_ABOUT_RETURN_TYPE = YES_ERROR;
				GCC_WARN_UNDECLARED_SELECTOR = YES;
				GCC_WARN_UNINITIALIZED_AUTOS = YES_AGGRESSIVE;
				GCC_WARN_UNUSED_FUNCTION = YES;
				GCC_WARN_UNUSED_VARIABLE = YES;
				IPHONEOS_DEPLOYMENT_TARGET = 17.2;
				LOCALIZATION_PREFERS_STRING_CATALOGS = YES;
				MTL_ENABLE_DEBUG_INFO = NO;
				MTL_FAST_MATH = YES;
				SDKROOT = iphoneos;
				SWIFT_COMPILATION_MODE = wholemodule;
				VALIDATE_PRODUCT = YES;
			};
			name = Release;
		};
		9E956C4A2C9BB58200522CA5 /* Debug */ = {
			isa = XCBuildConfiguration;
			buildSettings = {
				ASSETCATALOG_COMPILER_APPICON_NAME = AppIcon;
				ASSETCATALOG_COMPILER_GLOBAL_ACCENT_COLOR_NAME = AccentColor;
				CODE_SIGN_STYLE = Automatic;
				CURRENT_PROJECT_VERSION = 1;
				DEVELOPMENT_ASSET_PATHS = "\"Demo3_LogIn/Preview Content\"";
				DEVELOPMENT_TEAM = 8559GLCSMA;
				ENABLE_PREVIEWS = YES;
				GENERATE_INFOPLIST_FILE = YES;
				INFOPLIST_KEY_UIApplicationSceneManifest_Generation = YES;
				INFOPLIST_KEY_UIApplicationSupportsIndirectInputEvents = YES;
				INFOPLIST_KEY_UILaunchScreen_Generation = YES;
				INFOPLIST_KEY_UISupportedInterfaceOrientations_iPad = "UIInterfaceOrientationPortrait UIInterfaceOrientationPortraitUpsideDown UIInterfaceOrientationLandscapeLeft UIInterfaceOrientationLandscapeRight";
				INFOPLIST_KEY_UISupportedInterfaceOrientations_iPhone = "UIInterfaceOrientationPortrait UIInterfaceOrientationLandscapeLeft UIInterfaceOrientationLandscapeRight";
				LD_RUNPATH_SEARCH_PATHS = (
					"$(inherited)",
					"@executable_path/Frameworks",
				);
				MARKETING_VERSION = 1.0;
				PRODUCT_BUNDLE_IDENTIFIER = "com.CS312.Demo3-LogIn";
				PRODUCT_NAME = "$(TARGET_NAME)";
				SWIFT_EMIT_LOC_STRINGS = YES;
				SWIFT_VERSION = 5.0;
				TARGETED_DEVICE_FAMILY = "1,2";
			};
			name = Debug;
		};
		9E956C4B2C9BB58200522CA5 /* Release */ = {
			isa = XCBuildConfiguration;
			buildSettings = {
				ASSETCATALOG_COMPILER_APPICON_NAME = AppIcon;
				ASSETCATALOG_COMPILER_GLOBAL_ACCENT_COLOR_NAME = AccentColor;
				CODE_SIGN_STYLE = Automatic;
				CURRENT_PROJECT_VERSION = 1;
				DEVELOPMENT_ASSET_PATHS = "\"Demo3_LogIn/Preview Content\"";
				DEVELOPMENT_TEAM = 8559GLCSMA;
				ENABLE_PREVIEWS = YES;
				GENERATE_INFOPLIST_FILE = YES;
				INFOPLIST_KEY_UIApplicationSceneManifest_Generation = YES;
				INFOPLIST_KEY_UIApplicationSupportsIndirectInputEvents = YES;
				INFOPLIST_KEY_UILaunchScreen_Generation = YES;
				INFOPLIST_KEY_UISupportedInterfaceOrientations_iPad = "UIInterfaceOrientationPortrait UIInterfaceOrientationPortraitUpsideDown UIInterfaceOrientationLandscapeLeft UIInterfaceOrientationLandscapeRight";
				INFOPLIST_KEY_UISupportedInterfaceOrientations_iPhone = "UIInterfaceOrientationPortrait UIInterfaceOrientationLandscapeLeft UIInterfaceOrientationLandscapeRight";
				LD_RUNPATH_SEARCH_PATHS = (
					"$(inherited)",
					"@executable_path/Frameworks",
				);
				MARKETING_VERSION = 1.0;
				PRODUCT_BUNDLE_IDENTIFIER = "com.CS312.Demo3-LogIn";
				PRODUCT_NAME = "$(TARGET_NAME)";
				SWIFT_EMIT_LOC_STRINGS = YES;
				SWIFT_VERSION = 5.0;
				TARGETED_DEVICE_FAMILY = "1,2";
			};
			name = Release;
		};
		9E956C4D2C9BB58200522CA5 /* Debug */ = {
			isa = XCBuildConfiguration;
			buildSettings = {
				ALWAYS_EMBED_SWIFT_STANDARD_LIBRARIES = YES;
				BUNDLE_LOADER = "$(TEST_HOST)";
				CODE_SIGN_STYLE = Automatic;
				CURRENT_PROJECT_VERSION = 1;
				GENERATE_INFOPLIST_FILE = YES;
				IPHONEOS_DEPLOYMENT_TARGET = 17.2;
				MARKETING_VERSION = 1.0;
				PRODUCT_BUNDLE_IDENTIFIER = "com.CS312.Demo3-LogInTests";
				PRODUCT_NAME = "$(TARGET_NAME)";
				SWIFT_EMIT_LOC_STRINGS = NO;
				SWIFT_VERSION = 5.0;
				TARGETED_DEVICE_FAMILY = "1,2";
				TEST_HOST = "$(BUILT_PRODUCTS_DIR)/Demo3_LogIn.app/$(BUNDLE_EXECUTABLE_FOLDER_PATH)/Demo3_LogIn";
			};
			name = Debug;
		};
		9E956C4E2C9BB58200522CA5 /* Release */ = {
			isa = XCBuildConfiguration;
			buildSettings = {
				ALWAYS_EMBED_SWIFT_STANDARD_LIBRARIES = YES;
				BUNDLE_LOADER = "$(TEST_HOST)";
				CODE_SIGN_STYLE = Automatic;
				CURRENT_PROJECT_VERSION = 1;
				GENERATE_INFOPLIST_FILE = YES;
				IPHONEOS_DEPLOYMENT_TARGET = 17.2;
				MARKETING_VERSION = 1.0;
				PRODUCT_BUNDLE_IDENTIFIER = "com.CS312.Demo3-LogInTests";
				PRODUCT_NAME = "$(TARGET_NAME)";
				SWIFT_EMIT_LOC_STRINGS = NO;
				SWIFT_VERSION = 5.0;
				TARGETED_DEVICE_FAMILY = "1,2";
				TEST_HOST = "$(BUILT_PRODUCTS_DIR)/Demo3_LogIn.app/$(BUNDLE_EXECUTABLE_FOLDER_PATH)/Demo3_LogIn";
			};
			name = Release;
		};
		9E956C502C9BB58200522CA5 /* Debug */ = {
			isa = XCBuildConfiguration;
			buildSettings = {
				ALWAYS_EMBED_SWIFT_STANDARD_LIBRARIES = YES;
				CODE_SIGN_STYLE = Automatic;
				CURRENT_PROJECT_VERSION = 1;
				GENERATE_INFOPLIST_FILE = YES;
				MARKETING_VERSION = 1.0;
				PRODUCT_BUNDLE_IDENTIFIER = "com.CS312.Demo3-LogInUITests";
				PRODUCT_NAME = "$(TARGET_NAME)";
				SWIFT_EMIT_LOC_STRINGS = NO;
				SWIFT_VERSION = 5.0;
				TARGETED_DEVICE_FAMILY = "1,2";
				TEST_TARGET_NAME = Demo3_LogIn;
			};
			name = Debug;
		};
		9E956C512C9BB58200522CA5 /* Release */ = {
			isa = XCBuildConfiguration;
			buildSettings = {
				ALWAYS_EMBED_SWIFT_STANDARD_LIBRARIES = YES;
				CODE_SIGN_STYLE = Automatic;
				CURRENT_PROJECT_VERSION = 1;
				GENERATE_INFOPLIST_FILE = YES;
				MARKETING_VERSION = 1.0;
				PRODUCT_BUNDLE_IDENTIFIER = "com.CS312.Demo3-LogInUITests";
				PRODUCT_NAME = "$(TARGET_NAME)";
				SWIFT_EMIT_LOC_STRINGS = NO;
				SWIFT_VERSION = 5.0;
				TARGETED_DEVICE_FAMILY = "1,2";
				TEST_TARGET_NAME = Demo3_LogIn;
			};
			name = Release;
		};
/* End XCBuildConfiguration section */

/* Begin XCConfigurationList section */
		9E956C202C9BB58000522CA5 /* Build configuration list for PBXProject "Demo3_LogIn" */ = {
			isa = XCConfigurationList;
			buildConfigurations = (
				9E956C472C9BB58200522CA5 /* Debug */,
				9E956C482C9BB58200522CA5 /* Release */,
			);
			defaultConfigurationIsVisible = 0;
			defaultConfigurationName = Release;
		};
		9E956C492C9BB58200522CA5 /* Build configuration list for PBXNativeTarget "Demo3_LogIn" */ = {
			isa = XCConfigurationList;
			buildConfigurations = (
				9E956C4A2C9BB58200522CA5 /* Debug */,
				9E956C4B2C9BB58200522CA5 /* Release */,
			);
			defaultConfigurationIsVisible = 0;
			defaultConfigurationName = Release;
		};
		9E956C4C2C9BB58200522CA5 /* Build configuration list for PBXNativeTarget "Demo3_LogInTests" */ = {
			isa = XCConfigurationList;
			buildConfigurations = (
				9E956C4D2C9BB58200522CA5 /* Debug */,
				9E956C4E2C9BB58200522CA5 /* Release */,
			);
			defaultConfigurationIsVisible = 0;
			defaultConfigurationName = Release;
		};
		9E956C4F2C9BB58200522CA5 /* Build configuration list for PBXNativeTarget "Demo3_LogInUITests" */ = {
			isa = XCConfigurationList;
			buildConfigurations = (
				9E956C502C9BB58200522CA5 /* Debug */,
				9E956C512C9BB58200522CA5 /* Release */,
			);
			defaultConfigurationIsVisible = 0;
			defaultConfigurationName = Release;
		};
/* End XCConfigurationList section */

/* Begin XCRemoteSwiftPackageReference section */
		9EB273862C9C09950020B47B /* XCRemoteSwiftPackageReference "firebase-ios-sdk" */ = {
			isa = XCRemoteSwiftPackageReference;
			repositoryURL = "https://github.com/firebase/firebase-ios-sdk";
			requirement = {
				kind = upToNextMajorVersion;
				minimumVersion = 11.2.0;
			};
		};
/* End XCRemoteSwiftPackageReference section */

/* Begin XCSwiftPackageProductDependency section */
		9E7E9CA72CA2533900B315C5 /* FirebaseDatabase */ = {
			isa = XCSwiftPackageProductDependency;
			package = 9EB273862C9C09950020B47B /* XCRemoteSwiftPackageReference "firebase-ios-sdk" */;
			productName = FirebaseDatabase;
		};
		9E7E9CA92CA2535E00B315C5 /* FirebaseStorage */ = {
			isa = XCSwiftPackageProductDependency;
			package = 9EB273862C9C09950020B47B /* XCRemoteSwiftPackageReference "firebase-ios-sdk" */;
			productName = FirebaseStorage;
		};
		9E7E9CAB2CA2536B00B315C5 /* FirebaseFirestore */ = {
			isa = XCSwiftPackageProductDependency;
			package = 9EB273862C9C09950020B47B /* XCRemoteSwiftPackageReference "firebase-ios-sdk" */;
			productName = FirebaseFirestore;
		};
		9EB273872C9C09950020B47B /* FirebaseAnalytics */ = {
			isa = XCSwiftPackageProductDependency;
			package = 9EB273862C9C09950020B47B /* XCRemoteSwiftPackageReference "firebase-ios-sdk" */;
			productName = FirebaseAnalytics;
		};
		9EB273892C9C09950020B47B /* FirebaseAnalyticsWithoutAdIdSupport */ = {
			isa = XCSwiftPackageProductDependency;
			package = 9EB273862C9C09950020B47B /* XCRemoteSwiftPackageReference "firebase-ios-sdk" */;
			productName = FirebaseAnalyticsWithoutAdIdSupport;
		};
		9EB2738B2C9C09950020B47B /* FirebaseAuth */ = {
			isa = XCSwiftPackageProductDependency;
			package = 9EB273862C9C09950020B47B /* XCRemoteSwiftPackageReference "firebase-ios-sdk" */;
			productName = FirebaseAuth;
		};
/* End XCSwiftPackageProductDependency section */
	};
	rootObject = 9E956C1D2C9BB58000522CA5 /* Project object */;
}
